
Microsoft Visual Studio Solution File, Format Version 12.00
# Visual Studio Version 17
VisualStudioVersion = 17.8.34309.116
MinimumVisualStudioVersion = 10.0.40219.1
Project("{9A19103F-16F7-4668-BE54-9A1E7A4F7556}") = "ServicesBusTickets.Server", "ServicesBusTickets\Server\ServicesBusTickets.Server.csproj", "{A85F5FF1-5F75-4315-80FE-E144DE749563}"
EndProject
Project("{9A19103F-16F7-4668-BE54-9A1E7A4F7556}") = "ServicesBusTickets.Client", "ServicesBusTickets\Client\ServicesBusTickets.Client.csproj", "{B61B4508-C072-4267-A068-AC588CD6A550}"
EndProject
Project("{9A19103F-16F7-4668-BE54-9A1E7A4F7556}") = "ServicesBusTickets.Shared", "ServicesBusTickets\Shared\ServicesBusTickets.Shared.csproj", "{785267D3-6E4A-4C19-B451-588B5AF3C096}"
EndProject
Global
	GlobalSection(SolutionConfigurationPlatforms) = preSolution
		Debug|Any CPU = Debug|Any CPU
		Release|Any CPU = Release|Any CPU
	EndGlobalSection
	GlobalSection(ProjectConfigurationPlatforms) = postSolution
		{A85F5FF1-5F75-4315-80FE-E144DE749563}.Debug|Any CPU.ActiveCfg = Debug|Any CPU
		{A85F5FF1-5F75-4315-80FE-E144DE749563}.Debug|Any CPU.Build.0 = Debug|Any CPU
		{A85F5FF1-5F75-4315-80FE-E144DE749563}.Release|Any CPU.ActiveCfg = Release|Any CPU
		{A85F5FF1-5F75-4315-80FE-E144DE749563}.Release|Any CPU.Build.0 = Release|Any CPU
		{B61B4508-C072-4267-A068-AC588CD6A550}.Debug|Any CPU.ActiveCfg = Debug|Any CPU
		{B61B4508-C072-4267-A068-AC588CD6A550}.Debug|Any CPU.Build.0 = Debug|Any CPU
		{B61B4508-C072-4267-A068-AC588CD6A550}.Release|Any CPU.ActiveCfg = Release|Any CPU
		{B61B4508-C072-4267-A068-AC588CD6A550}.Release|Any CPU.Build.0 = Release|Any CPU
		{785267D3-6E4A-4C19-B451-588B5AF3C096}.Debug|Any CPU.ActiveCfg = Debug|Any CPU
		{785267D3-6E4A-4C19-B451-588B5AF3C096}.Debug|Any CPU.Build.0 = Debug|Any CPU
		{785267D3-6E4A-4C19-B451-588B5AF3C096}.Release|Any CPU.ActiveCfg = Release|Any CPU
		{785267D3-6E4A-4C19-B451-588B5AF3C096}.Release|Any CPU.Build.0 = Release|Any CPU
	EndGlobalSection
	GlobalSection(SolutionProperties) = preSolution
		HideSolutionNode = FALSE
	EndGlobalSection
	GlobalSection(ExtensibilityGlobals) = postSolution
		SolutionGuid = {B72B65B8-698C-462A-81E2-2241EFC8E9EA}
	EndGlobalSection
EndGlobal
