
Microsoft Visual Studio Solution File, Format Version 12.00
# Visual Studio Version 17
VisualStudioVersion = 17.6.33829.357
MinimumVisualStudioVersion = 10.0.40219.1
Project("{9A19103F-16F7-4668-BE54-9A1E7A4F7556}") = "ClinicService", "ClinicService\ClinicService.csproj", "{2EBA4FF4-1BD4-4F63-A71B-5B295405984B}"
EndProject
Project("{9A19103F-16F7-4668-BE54-9A1E7A4F7556}") = "ClinicService.Shared", "ClinicService.Shared\ClinicService.Shared.csproj", "{69A7AD2C-13A9-4C75-82C5-449D118BA39C}"
EndProject
Project("{9A19103F-16F7-4668-BE54-9A1E7A4F7556}") = "ClinicDesctop", "ClinicDesctop\ClinicDesctop.csproj", "{F34A7F20-8ABF-475D-B2AE-3C177EB394FC}"
EndProject
Project("{FAE04EC0-301F-11D3-BF4B-00C04F79EFBC}") = "ClinicService.Data", "ClinicService.Data\ClinicService.Data.csproj", "{5BD0CC89-3164-412A-9872-30DC5E5294A1}"
EndProject
Project("{FAE04EC0-301F-11D3-BF4B-00C04F79EFBC}") = "ClinicConsole", "ClinicConsole\ClinicConsole.csproj", "{CEAD1B8D-E933-4AE4-BC61-C5DD104EE0C1}"
EndProject
Global
	GlobalSection(SolutionConfigurationPlatforms) = preSolution
		Debug|Any CPU = Debug|Any CPU
		Release|Any CPU = Release|Any CPU
	EndGlobalSection
	GlobalSection(ProjectConfigurationPlatforms) = postSolution
		{2EBA4FF4-1BD4-4F63-A71B-5B295405984B}.Debug|Any CPU.ActiveCfg = Debug|Any CPU
		{2EBA4FF4-1BD4-4F63-A71B-5B295405984B}.Debug|Any CPU.Build.0 = Debug|Any CPU
		{2EBA4FF4-1BD4-4F63-A71B-5B295405984B}.Release|Any CPU.ActiveCfg = Release|Any CPU
		{2EBA4FF4-1BD4-4F63-A71B-5B295405984B}.Release|Any CPU.Build.0 = Release|Any CPU
		{69A7AD2C-13A9-4C75-82C5-449D118BA39C}.Debug|Any CPU.ActiveCfg = Debug|Any CPU
		{69A7AD2C-13A9-4C75-82C5-449D118BA39C}.Debug|Any CPU.Build.0 = Debug|Any CPU
		{69A7AD2C-13A9-4C75-82C5-449D118BA39C}.Release|Any CPU.ActiveCfg = Release|Any CPU
		{69A7AD2C-13A9-4C75-82C5-449D118BA39C}.Release|Any CPU.Build.0 = Release|Any CPU
		{F34A7F20-8ABF-475D-B2AE-3C177EB394FC}.Debug|Any CPU.ActiveCfg = Debug|Any CPU
		{F34A7F20-8ABF-475D-B2AE-3C177EB394FC}.Debug|Any CPU.Build.0 = Debug|Any CPU
		{F34A7F20-8ABF-475D-B2AE-3C177EB394FC}.Release|Any CPU.ActiveCfg = Release|Any CPU
		{F34A7F20-8ABF-475D-B2AE-3C177EB394FC}.Release|Any CPU.Build.0 = Release|Any CPU
		{5BD0CC89-3164-412A-9872-30DC5E5294A1}.Debug|Any CPU.ActiveCfg = Debug|Any CPU
		{5BD0CC89-3164-412A-9872-30DC5E5294A1}.Debug|Any CPU.Build.0 = Debug|Any CPU
		{5BD0CC89-3164-412A-9872-30DC5E5294A1}.Release|Any CPU.ActiveCfg = Release|Any CPU
		{5BD0CC89-3164-412A-9872-30DC5E5294A1}.Release|Any CPU.Build.0 = Release|Any CPU
		{CEAD1B8D-E933-4AE4-BC61-C5DD104EE0C1}.Debug|Any CPU.ActiveCfg = Debug|Any CPU
		{CEAD1B8D-E933-4AE4-BC61-C5DD104EE0C1}.Debug|Any CPU.Build.0 = Debug|Any CPU
		{CEAD1B8D-E933-4AE4-BC61-C5DD104EE0C1}.Release|Any CPU.ActiveCfg = Release|Any CPU
		{CEAD1B8D-E933-4AE4-BC61-C5DD104EE0C1}.Release|Any CPU.Build.0 = Release|Any CPU
	EndGlobalSection
	GlobalSection(SolutionProperties) = preSolution
		HideSolutionNode = FALSE
	EndGlobalSection
	GlobalSection(ExtensibilityGlobals) = postSolution
		SolutionGuid = {CCF41ACD-8B3D-4ED2-8CFB-8F424D604C0D}
	EndGlobalSection
EndGlobal
