
Microsoft Visual Studio Solution File, Format Version 12.00
# Visual Studio Version 17
VisualStudioVersion = 17.8.34309.116
MinimumVisualStudioVersion = 10.0.40219.1
Project("{FAE04EC0-301F-11D3-BF4B-00C04F79EFBC}") = "GraphicsEditor", "GraphicsEditor.csproj", "{36FDE392-FC7F-450C-B918-CA6F001BCCDC}"
EndProject
Global
	GlobalSection(SolutionConfigurationPlatforms) = preSolution
		Debug|Any CPU = Debug|Any CPU
		Release|Any CPU = Release|Any CPU
	EndGlobalSection
	GlobalSection(ProjectConfigurationPlatforms) = postSolution
		{36FDE392-FC7F-450C-B918-CA6F001BCCDC}.Debug|Any CPU.ActiveCfg = Debug|Any CPU
		{36FDE392-FC7F-450C-B918-CA6F001BCCDC}.Debug|Any CPU.Build.0 = Debug|Any CPU
		{36FDE392-FC7F-450C-B918-CA6F001BCCDC}.Release|Any CPU.ActiveCfg = Release|Any CPU
		{36FDE392-FC7F-450C-B918-CA6F001BCCDC}.Release|Any CPU.Build.0 = Release|Any CPU
	EndGlobalSection
	GlobalSection(SolutionProperties) = preSolution
		HideSolutionNode = FALSE
	EndGlobalSection
	GlobalSection(ExtensibilityGlobals) = postSolution
		SolutionGuid = {65E18169-3427-4D2D-B9D1-B81EF2909940}
	EndGlobalSection
EndGlobal
