
Microsoft Visual Studio Solution File, Format Version 12.00
# Visual Studio Version 17
VisualStudioVersion = 17.5.002.0
MinimumVisualStudioVersion = 10.0.40219.1
Project("{9A19103F-16F7-4668-BE54-9A1E7A4F7556}") = "ClinicService", "ClinicService.csproj", "{7DDD6632-D68B-4C4A-80F6-63814ADF0F84}"
EndProject
Global
	GlobalSection(SolutionConfigurationPlatforms) = preSolution
		Debug|Any CPU = Debug|Any CPU
		Release|Any CPU = Release|Any CPU
	EndGlobalSection
	GlobalSection(ProjectConfigurationPlatforms) = postSolution
		{7DDD6632-D68B-4C4A-80F6-63814ADF0F84}.Debug|Any CPU.ActiveCfg = Debug|Any CPU
		{7DDD6632-D68B-4C4A-80F6-63814ADF0F84}.Debug|Any CPU.Build.0 = Debug|Any CPU
		{7DDD6632-D68B-4C4A-80F6-63814ADF0F84}.Release|Any CPU.ActiveCfg = Release|Any CPU
		{7DDD6632-D68B-4C4A-80F6-63814ADF0F84}.Release|Any CPU.Build.0 = Release|Any CPU
	EndGlobalSection
	GlobalSection(SolutionProperties) = preSolution
		HideSolutionNode = FALSE
	EndGlobalSection
	GlobalSection(ExtensibilityGlobals) = postSolution
		SolutionGuid = {4B0DB82A-639E-4891-BE0F-A384F6C69990}
	EndGlobalSection
EndGlobal
