
Microsoft Visual Studio Solution File, Format Version 12.00
# Visual Studio Version 17
VisualStudioVersion = 17.8.34309.116
MinimumVisualStudioVersion = 10.0.40219.1
Project("{9A19103F-16F7-4668-BE54-9A1E7A4F7556}") = "Singleton", "Singleton\Singleton.csproj", "{998A7B8B-46D2-45EB-BD31-CBFE4332DDAB}"
EndProject
Project("{FAE04EC0-301F-11D3-BF4B-00C04F79EFBC}") = "OperatingSystemLib", "OperatingSystemLib\OperatingSystemLib.csproj", "{23E088FC-C5FB-4605-BC22-3C9D999430C8}"
EndProject
Project("{FAE04EC0-301F-11D3-BF4B-00C04F79EFBC}") = "SingletonMultithreading", "SingletonMultithreading\SingletonMultithreading.csproj", "{39D860B4-C2FC-401E-A30C-10AE2CF3B2B3}"
EndProject
Project("{FAE04EC0-301F-11D3-BF4B-00C04F79EFBC}") = "SingletonMultithreadingWithoutUsingLock", "SingletonMultithreadingWithoutUsingLock\SingletonMultithreadingWithoutUsingLock.csproj", "{36E24EF0-C271-489E-B7AC-B7C08DF78083}"
EndProject
Global
	GlobalSection(SolutionConfigurationPlatforms) = preSolution
		Debug|Any CPU = Debug|Any CPU
		Release|Any CPU = Release|Any CPU
	EndGlobalSection
	GlobalSection(ProjectConfigurationPlatforms) = postSolution
		{998A7B8B-46D2-45EB-BD31-CBFE4332DDAB}.Debug|Any CPU.ActiveCfg = Debug|Any CPU
		{998A7B8B-46D2-45EB-BD31-CBFE4332DDAB}.Debug|Any CPU.Build.0 = Debug|Any CPU
		{998A7B8B-46D2-45EB-BD31-CBFE4332DDAB}.Release|Any CPU.ActiveCfg = Release|Any CPU
		{998A7B8B-46D2-45EB-BD31-CBFE4332DDAB}.Release|Any CPU.Build.0 = Release|Any CPU
		{23E088FC-C5FB-4605-BC22-3C9D999430C8}.Debug|Any CPU.ActiveCfg = Debug|Any CPU
		{23E088FC-C5FB-4605-BC22-3C9D999430C8}.Debug|Any CPU.Build.0 = Debug|Any CPU
		{23E088FC-C5FB-4605-BC22-3C9D999430C8}.Release|Any CPU.ActiveCfg = Release|Any CPU
		{23E088FC-C5FB-4605-BC22-3C9D999430C8}.Release|Any CPU.Build.0 = Release|Any CPU
		{39D860B4-C2FC-401E-A30C-10AE2CF3B2B3}.Debug|Any CPU.ActiveCfg = Debug|Any CPU
		{39D860B4-C2FC-401E-A30C-10AE2CF3B2B3}.Debug|Any CPU.Build.0 = Debug|Any CPU
		{39D860B4-C2FC-401E-A30C-10AE2CF3B2B3}.Release|Any CPU.ActiveCfg = Release|Any CPU
		{39D860B4-C2FC-401E-A30C-10AE2CF3B2B3}.Release|Any CPU.Build.0 = Release|Any CPU
		{36E24EF0-C271-489E-B7AC-B7C08DF78083}.Debug|Any CPU.ActiveCfg = Debug|Any CPU
		{36E24EF0-C271-489E-B7AC-B7C08DF78083}.Debug|Any CPU.Build.0 = Debug|Any CPU
		{36E24EF0-C271-489E-B7AC-B7C08DF78083}.Release|Any CPU.ActiveCfg = Release|Any CPU
		{36E24EF0-C271-489E-B7AC-B7C08DF78083}.Release|Any CPU.Build.0 = Release|Any CPU
	EndGlobalSection
	GlobalSection(SolutionProperties) = preSolution
		HideSolutionNode = FALSE
	EndGlobalSection
	GlobalSection(ExtensibilityGlobals) = postSolution
		SolutionGuid = {3EE9B4AC-C6A1-4F7D-A1A9-ABC88F7F3355}
	EndGlobalSection
EndGlobal
